// !$*UTF8*$!
{
	archiveVersion = 1;
	classes = {
	};
	objectVersion = 50;
	objects = {

/* Begin PBXBuildFile section */
		72ED8167239CEFAF005C01FC /* AppDelegate.swift in Sources */ = {isa = PBXBuildFile; fileRef = 72ED8166239CEFAF005C01FC /* AppDelegate.swift */; };
		72ED8169239CEFAF005C01FC /* SceneDelegate.swift in Sources */ = {isa = PBXBuildFile; fileRef = 72ED8168239CEFAF005C01FC /* SceneDelegate.swift */; };
		72ED816B239CEFAF005C01FC /* ViewController.swift in Sources */ = {isa = PBXBuildFile; fileRef = 72ED816A239CEFAF005C01FC /* ViewController.swift */; };
		72ED816E239CEFAF005C01FC /* Main.storyboard in Resources */ = {isa = PBXBuildFile; fileRef = 72ED816C239CEFAF005C01FC /* Main.storyboard */; };
		72ED8170239CEFB2005C01FC /* Assets.xcassets in Resources */ = {isa = PBXBuildFile; fileRef = 72ED816F239CEFB2005C01FC /* Assets.xcassets */; };
		72ED8173239CEFB2005C01FC /* LaunchScreen.storyboard in Resources */ = {isa = PBXBuildFile; fileRef = 72ED8171239CEFB2005C01FC /* LaunchScreen.storyboard */; };
/* End PBXBuildFile section */

/* Begin PBXFileReference section */
		72ED8163239CEFAF005C01FC /* SnakeLudo.app */ = {isa = PBXFileReference; explicitFileType = wrapper.application; includeInIndex = 0; path = SnakeLudo.app; sourceTree = BUILT_PRODUCTS_DIR; };
		72ED8166239CEFAF005C01FC /* AppDelegate.swift */ = {isa = PBXFileReference; lastKnownFileType = sourcecode.swift; path = AppDelegate.swift; sourceTree = "<group>"; };
		72ED8168239CEFAF005C01FC /* SceneDelegate.swift */ = {isa = PBXFileReference; lastKnownFileType = sourcecode.swift; path = SceneDelegate.swift; sourceTree = "<group>"; };
		72ED816A239CEFAF005C01FC /* ViewController.swift */ = {isa = PBXFileReference; lastKnownFileType = sourcecode.swift; path = ViewController.swift; sourceTree = "<group>"; };
		72ED816D239CEFAF005C01FC /* Base */ = {isa = PBXFileReference; lastKnownFileType = file.storyboard; name = Base; path = Base.lproj/Main.storyboard; sourceTree = "<group>"; };
		72ED816F239CEFB2005C01FC /* Assets.xcassets */ = {isa = PBXFileReference; lastKnownFileType = folder.assetcatalog; path = Assets.xcassets; sourceTree = "<group>"; };
		72ED8172239CEFB2005C01FC /* Base */ = {isa = PBXFileReference; lastKnownFileType = file.storyboard; name = Base; path = Base.lproj/LaunchScreen.storyboard; sourceTree = "<group>"; };
		72ED8174239CEFB2005C01FC /* Info.plist */ = {isa = PBXFileReference; lastKnownFileType = text.plist.xml; path = Info.plist; sourceTree = "<group>"; };
/* End PBXFileReference section */

/* Begin PBXFrameworksBuildPhase section */
		72ED8160239CEFAE005C01FC /* Frameworks */ = {
			isa = PBXFrameworksBuildPhase;
			buildActionMask = 2147483647;
			files = (
			);
			runOnlyForDeploymentPostprocessing = 0;
		};
/* End PBXFrameworksBuildPhase section */

/* Begin PBXGroup section */
		72ED815A239CEFAE005C01FC = {
			isa = PBXGroup;
			children = (
				72ED8165239CEFAF005C01FC /* SnakeLudo */,
				72ED8164239CEFAF005C01FC /* Products */,
			);
			sourceTree = "<group>";
		};
		72ED8164239CEFAF005C01FC /* Products */ = {
			isa = PBXGroup;
			children = (
				72ED8163239CEFAF005C01FC /* SnakeLudo.app */,
			);
			name = Products;
			sourceTree = "<group>";
		};
		72ED8165239CEFAF005C01FC /* SnakeLudo */ = {
			isa = PBXGroup;
			children = (
				72ED8166239CEFAF005C01FC /* AppDelegate.swift */,
				72ED8168239CEFAF005C01FC /* SceneDelegate.swift */,
				72ED816A239CEFAF005C01FC /* ViewController.swift */,
				72ED816C239CEFAF005C01FC /* Main.storyboard */,
				72ED816F239CEFB2005C01FC /* Assets.xcassets */,
				72ED8171239CEFB2005C01FC /* LaunchScreen.storyboard */,
				72ED8174239CEFB2005C01FC /* Info.plist */,
			);
			path = SnakeLudo;
			sourceTree = "<group>";
		};
/* End PBXGroup section */

/* Begin PBXNativeTarget section */
		72ED8162239CEFAE005C01FC /* SnakeLudo */ = {
			isa = PBXNativeTarget;
			buildConfigurationList = 72ED8177239CEFB2005C01FC /* Build configuration list for PBXNativeTarget "SnakeLudo" */;
			buildPhases = (
				72ED815F239CEFAE005C01FC /* Sources */,
				72ED8160239CEFAE005C01FC /* Frameworks */,
				72ED8161239CEFAE005C01FC /* Resources */,
			);
			buildRules = (
			);
			dependencies = (
			);
			name = SnakeLudo;
			productName = SnakeLudo;
			productReference = 72ED8163239CEFAF005C01FC /* SnakeLudo.app */;
			productType = "com.apple.product-type.application";
		};
/* End PBXNativeTarget section */

/* Begin PBXProject section */
		72ED815B239CEFAE005C01FC /* Project object */ = {
			isa = PBXProject;
			attributes = {
				LastSwiftUpdateCheck = 1110;
				LastUpgradeCheck = 1110;
				ORGANIZATIONNAME = "Abdullah Al Numan(AAN)";
				TargetAttributes = {
					72ED8162239CEFAE005C01FC = {
						CreatedOnToolsVersion = 11.1;
					};
				};
			};
			buildConfigurationList = 72ED815E239CEFAE005C01FC /* Build configuration list for PBXProject "SnakeLudo" */;
			compatibilityVersion = "Xcode 9.3";
			developmentRegion = en;
			hasScannedForEncodings = 0;
			knownRegions = (
				en,
				Base,
			);
			mainGroup = 72ED815A239CEFAE005C01FC;
			productRefGroup = 72ED8164239CEFAF005C01FC /* Products */;
			projectDirPath = "";
			projectRoot = "";
			targets = (
				72ED8162239CEFAE005C01FC /* SnakeLudo */,
			);
		};
/* End PBXProject section */

/* Begin PBXResourcesBuildPhase section */
		72ED8161239CEFAE005C01FC /* Resources */ = {
			isa = PBXResourcesBuildPhase;
			buildActionMask = 2147483647;
			files = (
				72ED8173239CEFB2005C01FC /* LaunchScreen.storyboard in Resources */,
				72ED8170239CEFB2005C01FC /* Assets.xcassets in Resources */,
				72ED816E239CEFAF005C01FC /* Main.storyboard in Resources */,
			);
			runOnlyForDeploymentPostprocessing = 0;
		};
/* End PBXResourcesBuildPhase section */

/* Begin PBXSourcesBuildPhase section */
		72ED815F239CEFAE005C01FC /* Sources */ = {
			isa = PBXSourcesBuildPhase;
			buildActionMask = 2147483647;
			files = (
				72ED816B239CEFAF005C01FC /* ViewController.swift in Sources */,
				72ED8167239CEFAF005C01FC /* AppDelegate.swift in Sources */,
				72ED8169239CEFAF005C01FC /* SceneDelegate.swift in Sources */,
			);
			runOnlyForDeploymentPostprocessing = 0;
		};
/* End PBXSourcesBuildPhase section */

/* Begin PBXVariantGroup section */
		72ED816C239CEFAF005C01FC /* Main.storyboard */ = {
			isa = PBXVariantGroup;
			children = (
				72ED816D239CEFAF005C01FC /* Base */,
			);
			name = Main.storyboard;
			sourceTree = "<group>";
		};
		72ED8171239CEFB2005C01FC /* LaunchScreen.storyboard */ = {
			isa = PBXVariantGroup;
			children = (
				72ED8172239CEFB2005C01FC /* Base */,
			);
			name = LaunchScreen.storyboard;
			sourceTree = "<group>";
		};
/* End PBXVariantGroup section */

/* Begin XCBuildConfiguration section */
		72ED8175239CEFB2005C01FC /* Debug */ = {
			isa = XCBuildConfiguration;
			buildSettings = {
				ALWAYS_SEARCH_USER_PATHS = NO;
				CLANG_ANALYZER_NONNULL = YES;
				CLANG_ANALYZER_NUMBER_OBJECT_CONVERSION = YES_AGGRESSIVE;
				CLANG_CXX_LANGUAGE_STANDARD = "gnu++14";
				CLANG_CXX_LIBRARY = "libc++";
				CLANG_ENABLE_MODULES = YES;
				CLANG_ENABLE_OBJC_ARC = YES;
				CLANG_ENABLE_OBJC_WEAK = YES;
				CLANG_WARN_BLOCK_CAPTURE_AUTORELEASING = YES;
				CLANG_WARN_BOOL_CONVERSION = YES;
				CLANG_WARN_COMMA = YES;
				CLANG_WARN_CONSTANT_CONVERSION = YES;
				CLANG_WARN_DEPRECATED_OBJC_IMPLEMENTATIONS = YES;
				CLANG_WARN_DIRECT_OBJC_ISA_USAGE = YES_ERROR;
				CLANG_WARN_DOCUMENTATION_COMMENTS = YES;
				CLANG_WARN_EMPTY_BODY = YES;
				CLANG_WARN_ENUM_CONVERSION = YES;
				CLANG_WARN_INFINITE_RECURSION = YES;
				CLANG_WARN_INT_CONVERSION = YES;
				CLANG_WARN_NON_LITERAL_NULL_CONVERSION = YES;
				CLANG_WARN_OBJC_IMPLICIT_RETAIN_SELF = YES;
				CLANG_WARN_OBJC_LITERAL_CONVERSION = YES;
				CLANG_WARN_OBJC_ROOT_CLASS = YES_ERROR;
				CLANG_WARN_RANGE_LOOP_ANALYSIS = YES;
				CLANG_WARN_STRICT_PROTOTYPES = YES;
				CLANG_WARN_SUSPICIOUS_MOVE = YES;
				CLANG_WARN_UNGUARDED_AVAILABILITY = YES_AGGRESSIVE;
				CLANG_WARN_UNREACHABLE_CODE = YES;
				CLANG_WARN__DUPLICATE_METHOD_MATCH = YES;
				COPY_PHASE_STRIP = NO;
				DEBUG_INFORMATION_FORMAT = dwarf;
				ENABLE_STRICT_OBJC_MSGSEND = YES;
				ENABLE_TESTABILITY = YES;
				GCC_C_LANGUAGE_STANDARD = gnu11;
				GCC_DYNAMIC_NO_PIC = NO;
				GCC_NO_COMMON_BLOCKS = YES;
				GCC_OPTIMIZATION_LEVEL = 0;
				GCC_PREPROCESSOR_DEFINITIONS = (
					"DEBUG=1",
					"$(inherited)",
				);
				GCC_WARN_64_TO_32_BIT_CONVERSION = YES;
				GCC_WARN_ABOUT_RETURN_TYPE = YES_ERROR;
				GCC_WARN_UNDECLARED_SELECTOR = YES;
				GCC_WARN_UNINITIALIZED_AUTOS = YES_AGGRESSIVE;
				GCC_WARN_UNUSED_FUNCTION = YES;
				GCC_WARN_UNUSED_VARIABLE = YES;
				IPHONEOS_DEPLOYMENT_TARGET = 13.1;
				MTL_ENABLE_DEBUG_INFO = INCLUDE_SOURCE;
				MTL_FAST_MATH = YES;
				ONLY_ACTIVE_ARCH = YES;
				SDKROOT = iphoneos;
				SWIFT_ACTIVE_COMPILATION_CONDITIONS = DEBUG;
				SWIFT_OPTIMIZATION_LEVEL = "-Onone";
			};
			name = Debug;
		};
		72ED8176239CEFB2005C01FC /* Release */ = {
			isa = XCBuildConfiguration;
			buildSettings = {
				ALWAYS_SEARCH_USER_PATHS = NO;
				CLANG_ANALYZER_NONNULL = YES;
				CLANG_ANALYZER_NUMBER_OBJECT_CONVERSION = YES_AGGRESSIVE;
				CLANG_CXX_LANGUAGE_STANDARD = "gnu++14";
				CLANG_CXX_LIBRARY = "libc++";
				CLANG_ENABLE_MODULES = YES;
				CLANG_ENABLE_OBJC_ARC = YES;
				CLANG_ENABLE_OBJC_WEAK = YES;
				CLANG_WARN_BLOCK_CAPTURE_AUTORELEASING = YES;
				CLANG_WARN_BOOL_CONVERSION = YES;
				CLANG_WARN_COMMA = YES;
				CLANG_WARN_CONSTANT_CONVERSION = YES;
				CLANG_WARN_DEPRECATED_OBJC_IMPLEMENTATIONS = YES;
				CLANG_WARN_DIRECT_OBJC_ISA_USAGE = YES_ERROR;
				CLANG_WARN_DOCUMENTATION_COMMENTS = YES;
				CLANG_WARN_EMPTY_BODY = YES;
				CLANG_WARN_ENUM_CONVERSION = YES;
				CLANG_WARN_INFINITE_RECURSION = YES;
				CLANG_WARN_INT_CONVERSION = YES;
				CLANG_WARN_NON_LITERAL_NULL_CONVERSION = YES;
				CLANG_WARN_OBJC_IMPLICIT_RETAIN_SELF = YES;
				CLANG_WARN_OBJC_LITERAL_CONVERSION = YES;
				CLANG_WARN_OBJC_ROOT_CLASS = YES_ERROR;
				CLANG_WARN_RANGE_LOOP_ANALYSIS = YES;
				CLANG_WARN_STRICT_PROTOTYPES = YES;
				CLANG_WARN_SUSPICIOUS_MOVE = YES;
				CLANG_WARN_UNGUARDED_AVAILABILITY = YES_AGGRESSIVE;
				CLANG_WARN_UNREACHABLE_CODE = YES;
				CLANG_WARN__DUPLICATE_METHOD_MATCH = YES;
				COPY_PHASE_STRIP = NO;
				DEBUG_INFORMATION_FORMAT = "dwarf-with-dsym";
				ENABLE_NS_ASSERTIONS = NO;
				ENABLE_STRICT_OBJC_MSGSEND = YES;
				GCC_C_LANGUAGE_STANDARD = gnu11;
				GCC_NO_COMMON_BLOCKS = YES;
				GCC_WARN_64_TO_32_BIT_CONVERSION = YES;
				GCC_WARN_ABOUT_RETURN_TYPE = YES_ERROR;
				GCC_WARN_UNDECLARED_SELECTOR = YES;
				GCC_WARN_UNINITIALIZED_AUTOS = YES_AGGRESSIVE;
				GCC_WARN_UNUSED_FUNCTION = YES;
				GCC_WARN_UNUSED_VARIABLE = YES;
				IPHONEOS_DEPLOYMENT_TARGET = 13.1;
				MTL_ENABLE_DEBUG_INFO = NO;
				MTL_FAST_MATH = YES;
				SDKROOT = iphoneos;
				SWIFT_COMPILATION_MODE = wholemodule;
				SWIFT_OPTIMIZATION_LEVEL = "-O";
				VALIDATE_PRODUCT = YES;
			};
			name = Release;
		};
		72ED8178239CEFB2005C01FC /* Debug */ = {
			isa = XCBuildConfiguration;
			buildSettings = {
				ASSETCATALOG_COMPILER_APPICON_NAME = AppIcon;
				CODE_SIGN_STYLE = Automatic;
				INFOPLIST_FILE = SnakeLudo/Info.plist;
				LD_RUNPATH_SEARCH_PATHS = (
					"$(inherited)",
					"@executable_path/Frameworks",
				);
				PRODUCT_BUNDLE_IDENTIFIER = kjhk.SnakeLudo;
				PRODUCT_NAME = "$(TARGET_NAME)";
				SWIFT_VERSION = 5.0;
				TARGETED_DEVICE_FAMILY = "1,2";
			};
			name = Debug;
		};
		72ED8179239CEFB2005C01FC /* Release */ = {
			isa = XCBuildConfiguration;
			buildSettings = {
				ASSETCATALOG_COMPILER_APPICON_NAME = AppIcon;
				CODE_SIGN_STYLE = Automatic;
				INFOPLIST_FILE = SnakeLudo/Info.plist;
				LD_RUNPATH_SEARCH_PATHS = (
					"$(inherited)",
					"@executable_path/Frameworks",
				);
				PRODUCT_BUNDLE_IDENTIFIER = kjhk.SnakeLudo;
				PRODUCT_NAME = "$(TARGET_NAME)";
				SWIFT_VERSION = 5.0;
				TARGETED_DEVICE_FAMILY = "1,2";
			};
			name = Release;
		};
/* End XCBuildConfiguration section */

/* Begin XCConfigurationList section */
		72ED815E239CEFAE005C01FC /* Build configuration list for PBXProject "SnakeLudo" */ = {
			isa = XCConfigurationList;
			buildConfigurations = (
				72ED8175239CEFB2005C01FC /* Debug */,
				72ED8176239CEFB2005C01FC /* Release */,
			);
			defaultConfigurationIsVisible = 0;
			defaultConfigurationName = Release;
		};
		72ED8177239CEFB2005C01FC /* Build configuration list for PBXNativeTarget "SnakeLudo" */ = {
			isa = XCConfigurationList;
			buildConfigurations = (
				72ED8178239CEFB2005C01FC /* Debug */,
				72ED8179239CEFB2005C01FC /* Release */,
			);
			defaultConfigurationIsVisible = 0;
			defaultConfigurationName = Release;
		};
/* End XCConfigurationList section */
	};
	rootObject = 72ED815B239CEFAE005C01FC /* Project object */;
}
